// !$*UTF8*$!
{
	archiveVersion = 1;
	classes = {
	};
	objectVersion = 56;
	objects = {

/* Begin PBXBuildFile section */
		766B3FD62C531ABE003C623E /* AppDelegate.swift in Sources */ = {isa = PBXBuildFile; fileRef = 766B3FD52C531ABE003C623E /* AppDelegate.swift */; };
		766B3FD82C531ABE003C623E /* SceneDelegate.swift in Sources */ = {isa = PBXBuildFile; fileRef = 766B3FD72C531ABE003C623E /* SceneDelegate.swift */; };
		766B3FDA2C531ABE003C623E /* ResultsViewController.swift in Sources */ = {isa = PBXBuildFile; fileRef = 766B3FD92C531ABE003C623E /* ResultsViewController.swift */; };
		766B3FDD2C531ABE003C623E /* Main.storyboard in Resources */ = {isa = PBXBuildFile; fileRef = 766B3FDB2C531ABE003C623E /* Main.storyboard */; };
		766B3FDF2C531ABF003C623E /* Assets.xcassets in Resources */ = {isa = PBXBuildFile; fileRef = 766B3FDE2C531ABF003C623E /* Assets.xcassets */; };
		766B3FE22C531ABF003C623E /* LaunchScreen.storyboard in Resources */ = {isa = PBXBuildFile; fileRef = 766B3FE02C531ABF003C623E /* LaunchScreen.storyboard */; };
		766B3FED2C531AC0003C623E /* PokeAPIFetchTests.swift in Sources */ = {isa = PBXBuildFile; fileRef = 766B3FEC2C531AC0003C623E /* PokeAPIFetchTests.swift */; };
		766B3FF72C531AC0003C623E /* PokeAPIFetchUITests.swift in Sources */ = {isa = PBXBuildFile; fileRef = 766B3FF62C531AC0003C623E /* PokeAPIFetchUITests.swift */; };
		766B3FF92C531AC0003C623E /* PokeAPIFetchUITestsLaunchTests.swift in Sources */ = {isa = PBXBuildFile; fileRef = 766B3FF82C531AC0003C623E /* PokeAPIFetchUITestsLaunchTests.swift */; };
		766B40082C531AFD003C623E /* NetworkService.swift in Sources */ = {isa = PBXBuildFile; fileRef = 766B40072C531AFD003C623E /* NetworkService.swift */; };
		766B400B2C531B2D003C623E /* Pokemon.swift in Sources */ = {isa = PBXBuildFile; fileRef = 766B400A2C531B2D003C623E /* Pokemon.swift */; };
		76889CD32C55515100D2EA75 /* ResultsTableViewCell.swift in Sources */ = {isa = PBXBuildFile; fileRef = 76889CD22C55515100D2EA75 /* ResultsTableViewCell.swift */; };
		76889CD62C55983700D2EA75 /* TypewriterLabel.swift in Sources */ = {isa = PBXBuildFile; fileRef = 76889CD52C55983700D2EA75 /* TypewriterLabel.swift */; };
/* End PBXBuildFile section */

/* Begin PBXContainerItemProxy section */
		766B3FE92C531AC0003C623E /* PBXContainerItemProxy */ = {
			isa = PBXContainerItemProxy;
			containerPortal = 766B3FCA2C531ABE003C623E /* Project object */;
			proxyType = 1;
			remoteGlobalIDString = 766B3FD12C531ABE003C623E;
			remoteInfo = PokeAPIFetch;
		};
		766B3FF32C531AC0003C623E /* PBXContainerItemProxy */ = {
			isa = PBXContainerItemProxy;
			containerPortal = 766B3FCA2C531ABE003C623E /* Project object */;
			proxyType = 1;
			remoteGlobalIDString = 766B3FD12C531ABE003C623E;
			remoteInfo = PokeAPIFetch;
		};
/* End PBXContainerItemProxy section */

/* Begin PBXFileReference section */
		766B3FD22C531ABE003C623E /* PokeAPIFetch.app */ = {isa = PBXFileReference; explicitFileType = wrapper.application; includeInIndex = 0; path = PokeAPIFetch.app; sourceTree = BUILT_PRODUCTS_DIR; };
		766B3FD52C531ABE003C623E /* AppDelegate.swift */ = {isa = PBXFileReference; lastKnownFileType = sourcecode.swift; path = AppDelegate.swift; sourceTree = "<group>"; };
		766B3FD72C531ABE003C623E /* SceneDelegate.swift */ = {isa = PBXFileReference; lastKnownFileType = sourcecode.swift; path = SceneDelegate.swift; sourceTree = "<group>"; };
		766B3FD92C531ABE003C623E /* ResultsViewController.swift */ = {isa = PBXFileReference; lastKnownFileType = sourcecode.swift; path = ResultsViewController.swift; sourceTree = "<group>"; };
		766B3FDC2C531ABE003C623E /* Base */ = {isa = PBXFileReference; lastKnownFileType = file.storyboard; name = Base; path = Base.lproj/Main.storyboard; sourceTree = "<group>"; };
		766B3FDE2C531ABF003C623E /* Assets.xcassets */ = {isa = PBXFileReference; lastKnownFileType = folder.assetcatalog; path = Assets.xcassets; sourceTree = "<group>"; };
		766B3FE12C531ABF003C623E /* Base */ = {isa = PBXFileReference; lastKnownFileType = file.storyboard; name = Base; path = Base.lproj/LaunchScreen.storyboard; sourceTree = "<group>"; };
		766B3FE32C531ABF003C623E /* Info.plist */ = {isa = PBXFileReference; lastKnownFileType = text.plist.xml; path = Info.plist; sourceTree = "<group>"; };
		766B3FE82C531AC0003C623E /* PokeAPIFetchTests.xctest */ = {isa = PBXFileReference; explicitFileType = wrapper.cfbundle; includeInIndex = 0; path = PokeAPIFetchTests.xctest; sourceTree = BUILT_PRODUCTS_DIR; };
		766B3FEC2C531AC0003C623E /* PokeAPIFetchTests.swift */ = {isa = PBXFileReference; lastKnownFileType = sourcecode.swift; path = PokeAPIFetchTests.swift; sourceTree = "<group>"; };
		766B3FF22C531AC0003C623E /* PokeAPIFetchUITests.xctest */ = {isa = PBXFileReference; explicitFileType = wrapper.cfbundle; includeInIndex = 0; path = PokeAPIFetchUITests.xctest; sourceTree = BUILT_PRODUCTS_DIR; };
		766B3FF62C531AC0003C623E /* PokeAPIFetchUITests.swift */ = {isa = PBXFileReference; lastKnownFileType = sourcecode.swift; path = PokeAPIFetchUITests.swift; sourceTree = "<group>"; };
		766B3FF82C531AC0003C623E /* PokeAPIFetchUITestsLaunchTests.swift */ = {isa = PBXFileReference; lastKnownFileType = sourcecode.swift; path = PokeAPIFetchUITestsLaunchTests.swift; sourceTree = "<group>"; };
		766B40072C531AFD003C623E /* NetworkService.swift */ = {isa = PBXFileReference; lastKnownFileType = sourcecode.swift; path = NetworkService.swift; sourceTree = "<group>"; };
		766B400A2C531B2D003C623E /* Pokemon.swift */ = {isa = PBXFileReference; lastKnownFileType = sourcecode.swift; path = Pokemon.swift; sourceTree = "<group>"; };
		76889CD22C55515100D2EA75 /* ResultsTableViewCell.swift */ = {isa = PBXFileReference; lastKnownFileType = sourcecode.swift; path = ResultsTableViewCell.swift; sourceTree = "<group>"; };
		76889CD52C55983700D2EA75 /* TypewriterLabel.swift */ = {isa = PBXFileReference; lastKnownFileType = sourcecode.swift; path = TypewriterLabel.swift; sourceTree = "<group>"; };
/* End PBXFileReference section */

/* Begin PBXFrameworksBuildPhase section */
		766B3FCF2C531ABE003C623E /* Frameworks */ = {
			isa = PBXFrameworksBuildPhase;
			buildActionMask = 2147483647;
			files = (
			);
			runOnlyForDeploymentPostprocessing = 0;
		};
		766B3FE52C531AC0003C623E /* Frameworks */ = {
			isa = PBXFrameworksBuildPhase;
			buildActionMask = 2147483647;
			files = (
			);
			runOnlyForDeploymentPostprocessing = 0;
		};
		766B3FEF2C531AC0003C623E /* Frameworks */ = {
			isa = PBXFrameworksBuildPhase;
			buildActionMask = 2147483647;
			files = (
			);
			runOnlyForDeploymentPostprocessing = 0;
		};
/* End PBXFrameworksBuildPhase section */

/* Begin PBXGroup section */
		766B3FC92C531ABE003C623E = {
			isa = PBXGroup;
			children = (
				766B3FD42C531ABE003C623E /* PokeAPIFetch */,
				766B3FEB2C531AC0003C623E /* PokeAPIFetchTests */,
				766B3FF52C531AC0003C623E /* PokeAPIFetchUITests */,
				766B3FD32C531ABE003C623E /* Products */,
			);
			sourceTree = "<group>";
		};
		766B3FD32C531ABE003C623E /* Products */ = {
			isa = PBXGroup;
			children = (
				766B3FD22C531ABE003C623E /* PokeAPIFetch.app */,
				766B3FE82C531AC0003C623E /* PokeAPIFetchTests.xctest */,
				766B3FF22C531AC0003C623E /* PokeAPIFetchUITests.xctest */,
			);
			name = Products;
			sourceTree = "<group>";
		};
		766B3FD42C531ABE003C623E /* PokeAPIFetch */ = {
			isa = PBXGroup;
			children = (
				76889CD42C55982800D2EA75 /* Helpers */,
				76889CD12C55513700D2EA75 /* Cells */,
				766B40092C531B23003C623E /* Models */,
				766B40062C531AEF003C623E /* Networking */,
				766B40052C531AE9003C623E /* View Controllers */,
				766B3FD52C531ABE003C623E /* AppDelegate.swift */,
				766B3FD72C531ABE003C623E /* SceneDelegate.swift */,
				766B3FDB2C531ABE003C623E /* Main.storyboard */,
				766B3FDE2C531ABF003C623E /* Assets.xcassets */,
				766B3FE02C531ABF003C623E /* LaunchScreen.storyboard */,
				766B3FE32C531ABF003C623E /* Info.plist */,
			);
			path = PokeAPIFetch;
			sourceTree = "<group>";
		};
		766B3FEB2C531AC0003C623E /* PokeAPIFetchTests */ = {
			isa = PBXGroup;
			children = (
				766B3FEC2C531AC0003C623E /* PokeAPIFetchTests.swift */,
			);
			path = PokeAPIFetchTests;
			sourceTree = "<group>";
		};
		766B3FF52C531AC0003C623E /* PokeAPIFetchUITests */ = {
			isa = PBXGroup;
			children = (
				766B3FF62C531AC0003C623E /* PokeAPIFetchUITests.swift */,
				766B3FF82C531AC0003C623E /* PokeAPIFetchUITestsLaunchTests.swift */,
			);
			path = PokeAPIFetchUITests;
			sourceTree = "<group>";
		};
		766B40052C531AE9003C623E /* View Controllers */ = {
			isa = PBXGroup;
			children = (
				766B3FD92C531ABE003C623E /* ResultsViewController.swift */,
			);
			path = "View Controllers";
			sourceTree = "<group>";
		};
		766B40062C531AEF003C623E /* Networking */ = {
			isa = PBXGroup;
			children = (
				766B40072C531AFD003C623E /* NetworkService.swift */,
			);
			path = Networking;
			sourceTree = "<group>";
		};
		766B40092C531B23003C623E /* Models */ = {
			isa = PBXGroup;
			children = (
				766B400A2C531B2D003C623E /* Pokemon.swift */,
			);
			path = Models;
			sourceTree = "<group>";
		};
		76889CD12C55513700D2EA75 /* Cells */ = {
			isa = PBXGroup;
			children = (
				76889CD22C55515100D2EA75 /* ResultsTableViewCell.swift */,
			);
			path = Cells;
			sourceTree = "<group>";
		};
		76889CD42C55982800D2EA75 /* Helpers */ = {
			isa = PBXGroup;
			children = (
				76889CD52C55983700D2EA75 /* TypewriterLabel.swift */,
			);
			path = Helpers;
			sourceTree = "<group>";
		};
/* End PBXGroup section */

/* Begin PBXNativeTarget section */
		766B3FD12C531ABE003C623E /* PokeAPIFetch */ = {
			isa = PBXNativeTarget;
			buildConfigurationList = 766B3FFC2C531AC0003C623E /* Build configuration list for PBXNativeTarget "PokeAPIFetch" */;
			buildPhases = (
				766B3FCE2C531ABE003C623E /* Sources */,
				766B3FCF2C531ABE003C623E /* Frameworks */,
				766B3FD02C531ABE003C623E /* Resources */,
			);
			buildRules = (
			);
			dependencies = (
			);
			name = PokeAPIFetch;
			productName = PokeAPIFetch;
			productReference = 766B3FD22C531ABE003C623E /* PokeAPIFetch.app */;
			productType = "com.apple.product-type.application";
		};
		766B3FE72C531AC0003C623E /* PokeAPIFetchTests */ = {
			isa = PBXNativeTarget;
			buildConfigurationList = 766B3FFF2C531AC0003C623E /* Build configuration list for PBXNativeTarget "PokeAPIFetchTests" */;
			buildPhases = (
				766B3FE42C531AC0003C623E /* Sources */,
				766B3FE52C531AC0003C623E /* Frameworks */,
				766B3FE62C531AC0003C623E /* Resources */,
			);
			buildRules = (
			);
			dependencies = (
				766B3FEA2C531AC0003C623E /* PBXTargetDependency */,
			);
			name = PokeAPIFetchTests;
			productName = PokeAPIFetchTests;
			productReference = 766B3FE82C531AC0003C623E /* PokeAPIFetchTests.xctest */;
			productType = "com.apple.product-type.bundle.unit-test";
		};
		766B3FF12C531AC0003C623E /* PokeAPIFetchUITests */ = {
			isa = PBXNativeTarget;
			buildConfigurationList = 766B40022C531AC0003C623E /* Build configuration list for PBXNativeTarget "PokeAPIFetchUITests" */;
			buildPhases = (
				766B3FEE2C531AC0003C623E /* Sources */,
				766B3FEF2C531AC0003C623E /* Frameworks */,
				766B3FF02C531AC0003C623E /* Resources */,
			);
			buildRules = (
			);
			dependencies = (
				766B3FF42C531AC0003C623E /* PBXTargetDependency */,
			);
			name = PokeAPIFetchUITests;
			productName = PokeAPIFetchUITests;
			productReference = 766B3FF22C531AC0003C623E /* PokeAPIFetchUITests.xctest */;
			productType = "com.apple.product-type.bundle.ui-testing";
		};
/* End PBXNativeTarget section */

/* Begin PBXProject section */
		766B3FCA2C531ABE003C623E /* Project object */ = {
			isa = PBXProject;
			attributes = {
				BuildIndependentTargetsInParallel = 1;
				LastSwiftUpdateCheck = 1500;
				LastUpgradeCheck = 1500;
				TargetAttributes = {
					766B3FD12C531ABE003C623E = {
						CreatedOnToolsVersion = 15.0;
					};
					766B3FE72C531AC0003C623E = {
						CreatedOnToolsVersion = 15.0;
						TestTargetID = 766B3FD12C531ABE003C623E;
					};
					766B3FF12C531AC0003C623E = {
						CreatedOnToolsVersion = 15.0;
						TestTargetID = 766B3FD12C531ABE003C623E;
					};
				};
			};
			buildConfigurationList = 766B3FCD2C531ABE003C623E /* Build configuration list for PBXProject "PokeAPIFetch" */;
			compatibilityVersion = "Xcode 14.0";
			developmentRegion = en;
			hasScannedForEncodings = 0;
			knownRegions = (
				en,
				Base,
			);
			mainGroup = 766B3FC92C531ABE003C623E;
			productRefGroup = 766B3FD32C531ABE003C623E /* Products */;
			projectDirPath = "";
			projectRoot = "";
			targets = (
				766B3FD12C531ABE003C623E /* PokeAPIFetch */,
				766B3FE72C531AC0003C623E /* PokeAPIFetchTests */,
				766B3FF12C531AC0003C623E /* PokeAPIFetchUITests */,
			);
		};
/* End PBXProject section */

/* Begin PBXResourcesBuildPhase section */
		766B3FD02C531ABE003C623E /* Resources */ = {
			isa = PBXResourcesBuildPhase;
			buildActionMask = 2147483647;
			files = (
				766B3FE22C531ABF003C623E /* LaunchScreen.storyboard in Resources */,
				766B3FDF2C531ABF003C623E /* Assets.xcassets in Resources */,
				766B3FDD2C531ABE003C623E /* Main.storyboard in Resources */,
			);
			runOnlyForDeploymentPostprocessing = 0;
		};
		766B3FE62C531AC0003C623E /* Resources */ = {
			isa = PBXResourcesBuildPhase;
			buildActionMask = 2147483647;
			files = (
			);
			runOnlyForDeploymentPostprocessing = 0;
		};
		766B3FF02C531AC0003C623E /* Resources */ = {
			isa = PBXResourcesBuildPhase;
			buildActionMask = 2147483647;
			files = (
			);
			runOnlyForDeploymentPostprocessing = 0;
		};
/* End PBXResourcesBuildPhase section */

/* Begin PBXSourcesBuildPhase section */
		766B3FCE2C531ABE003C623E /* Sources */ = {
			isa = PBXSourcesBuildPhase;
			buildActionMask = 2147483647;
			files = (
				766B400B2C531B2D003C623E /* Pokemon.swift in Sources */,
				766B3FDA2C531ABE003C623E /* ResultsViewController.swift in Sources */,
				76889CD62C55983700D2EA75 /* TypewriterLabel.swift in Sources */,
				76889CD32C55515100D2EA75 /* ResultsTableViewCell.swift in Sources */,
				766B3FD62C531ABE003C623E /* AppDelegate.swift in Sources */,
				766B40082C531AFD003C623E /* NetworkService.swift in Sources */,
				766B3FD82C531ABE003C623E /* SceneDelegate.swift in Sources */,
			);
			runOnlyForDeploymentPostprocessing = 0;
		};
		766B3FE42C531AC0003C623E /* Sources */ = {
			isa = PBXSourcesBuildPhase;
			buildActionMask = 2147483647;
			files = (
				766B3FED2C531AC0003C623E /* PokeAPIFetchTests.swift in Sources */,
			);
			runOnlyForDeploymentPostprocessing = 0;
		};
		766B3FEE2C531AC0003C623E /* Sources */ = {
			isa = PBXSourcesBuildPhase;
			buildActionMask = 2147483647;
			files = (
				766B3FF72C531AC0003C623E /* PokeAPIFetchUITests.swift in Sources */,
				766B3FF92C531AC0003C623E /* PokeAPIFetchUITestsLaunchTests.swift in Sources */,
			);
			runOnlyForDeploymentPostprocessing = 0;
		};
/* End PBXSourcesBuildPhase section */

/* Begin PBXTargetDependency section */
		766B3FEA2C531AC0003C623E /* PBXTargetDependency */ = {
			isa = PBXTargetDependency;
			target = 766B3FD12C531ABE003C623E /* PokeAPIFetch */;
			targetProxy = 766B3FE92C531AC0003C623E /* PBXContainerItemProxy */;
		};
		766B3FF42C531AC0003C623E /* PBXTargetDependency */ = {
			isa = PBXTargetDependency;
			target = 766B3FD12C531ABE003C623E /* PokeAPIFetch */;
			targetProxy = 766B3FF32C531AC0003C623E /* PBXContainerItemProxy */;
		};
/* End PBXTargetDependency section */

/* Begin PBXVariantGroup section */
		766B3FDB2C531ABE003C623E /* Main.storyboard */ = {
			isa = PBXVariantGroup;
			children = (
				766B3FDC2C531ABE003C623E /* Base */,
			);
			name = Main.storyboard;
			sourceTree = "<group>";
		};
		766B3FE02C531ABF003C623E /* LaunchScreen.storyboard */ = {
			isa = PBXVariantGroup;
			children = (
				766B3FE12C531ABF003C623E /* Base */,
			);
			name = LaunchScreen.storyboard;
			sourceTree = "<group>";
		};
/* End PBXVariantGroup section */

/* Begin XCBuildConfiguration section */
		766B3FFA2C531AC0003C623E /* Debug */ = {
			isa = XCBuildConfiguration;
			buildSettings = {
				ALWAYS_SEARCH_USER_PATHS = NO;
				ASSETCATALOG_COMPILER_GENERATE_SWIFT_ASSET_SYMBOL_EXTENSIONS = YES;
				CLANG_ANALYZER_NONNULL = YES;
				CLANG_ANALYZER_NUMBER_OBJECT_CONVERSION = YES_AGGRESSIVE;
				CLANG_CXX_LANGUAGE_STANDARD = "gnu++20";
				CLANG_ENABLE_MODULES = YES;
				CLANG_ENABLE_OBJC_ARC = YES;
				CLANG_ENABLE_OBJC_WEAK = YES;
				CLANG_WARN_BLOCK_CAPTURE_AUTORELEASING = YES;
				CLANG_WARN_BOOL_CONVERSION = YES;
				CLANG_WARN_COMMA = YES;
				CLANG_WARN_CONSTANT_CONVERSION = YES;
				CLANG_WARN_DEPRECATED_OBJC_IMPLEMENTATIONS = YES;
				CLANG_WARN_DIRECT_OBJC_ISA_USAGE = YES_ERROR;
				CLANG_WARN_DOCUMENTATION_COMMENTS = YES;
				CLANG_WARN_EMPTY_BODY = YES;
				CLANG_WARN_ENUM_CONVERSION = YES;
				CLANG_WARN_INFINITE_RECURSION = YES;
				CLANG_WARN_INT_CONVERSION = YES;
				CLANG_WARN_NON_LITERAL_NULL_CONVERSION = YES;
				CLANG_WARN_OBJC_IMPLICIT_RETAIN_SELF = YES;
				CLANG_WARN_OBJC_LITERAL_CONVERSION = YES;
				CLANG_WARN_OBJC_ROOT_CLASS = YES_ERROR;
				CLANG_WARN_QUOTED_INCLUDE_IN_FRAMEWORK_HEADER = YES;
				CLANG_WARN_RANGE_LOOP_ANALYSIS = YES;
				CLANG_WARN_STRICT_PROTOTYPES = YES;
				CLANG_WARN_SUSPICIOUS_MOVE = YES;
				CLANG_WARN_UNGUARDED_AVAILABILITY = YES_AGGRESSIVE;
				CLANG_WARN_UNREACHABLE_CODE = YES;
				CLANG_WARN__DUPLICATE_METHOD_MATCH = YES;
				COPY_PHASE_STRIP = NO;
				DEBUG_INFORMATION_FORMAT = dwarf;
				ENABLE_STRICT_OBJC_MSGSEND = YES;
				ENABLE_TESTABILITY = YES;
				ENABLE_USER_SCRIPT_SANDBOXING = YES;
				GCC_C_LANGUAGE_STANDARD = gnu17;
				GCC_DYNAMIC_NO_PIC = NO;
				GCC_NO_COMMON_BLOCKS = YES;
				GCC_OPTIMIZATION_LEVEL = 0;
				GCC_PREPROCESSOR_DEFINITIONS = (
					"DEBUG=1",
					"$(inherited)",
				);
				GCC_WARN_64_TO_32_BIT_CONVERSION = YES;
				GCC_WARN_ABOUT_RETURN_TYPE = YES_ERROR;
				GCC_WARN_UNDECLARED_SELECTOR = YES;
				GCC_WARN_UNINITIALIZED_AUTOS = YES_AGGRESSIVE;
				GCC_WARN_UNUSED_FUNCTION = YES;
				GCC_WARN_UNUSED_VARIABLE = YES;
				IPHONEOS_DEPLOYMENT_TARGET = 17.0;
				LOCALIZATION_PREFERS_STRING_CATALOGS = YES;
				MTL_ENABLE_DEBUG_INFO = INCLUDE_SOURCE;
				MTL_FAST_MATH = YES;
				ONLY_ACTIVE_ARCH = YES;
				SDKROOT = iphoneos;
				SWIFT_ACTIVE_COMPILATION_CONDITIONS = "DEBUG $(inherited)";
				SWIFT_OPTIMIZATION_LEVEL = "-Onone";
			};
			name = Debug;
		};
		766B3FFB2C531AC0003C623E /* Release */ = {
			isa = XCBuildConfiguration;
			buildSettings = {
				ALWAYS_SEARCH_USER_PATHS = NO;
				ASSETCATALOG_COMPILER_GENERATE_SWIFT_ASSET_SYMBOL_EXTENSIONS = YES;
				CLANG_ANALYZER_NONNULL = YES;
				CLANG_ANALYZER_NUMBER_OBJECT_CONVERSION = YES_AGGRESSIVE;
				CLANG_CXX_LANGUAGE_STANDARD = "gnu++20";
				CLANG_ENABLE_MODULES = YES;
				CLANG_ENABLE_OBJC_ARC = YES;
				CLANG_ENABLE_OBJC_WEAK = YES;
				CLANG_WARN_BLOCK_CAPTURE_AUTORELEASING = YES;
				CLANG_WARN_BOOL_CONVERSION = YES;
				CLANG_WARN_COMMA = YES;
				CLANG_WARN_CONSTANT_CONVERSION = YES;
				CLANG_WARN_DEPRECATED_OBJC_IMPLEMENTATIONS = YES;
				CLANG_WARN_DIRECT_OBJC_ISA_USAGE = YES_ERROR;
				CLANG_WARN_DOCUMENTATION_COMMENTS = YES;
				CLANG_WARN_EMPTY_BODY = YES;
				CLANG_WARN_ENUM_CONVERSION = YES;
				CLANG_WARN_INFINITE_RECURSION = YES;
				CLANG_WARN_INT_CONVERSION = YES;
				CLANG_WARN_NON_LITERAL_NULL_CONVERSION = YES;
				CLANG_WARN_OBJC_IMPLICIT_RETAIN_SELF = YES;
				CLANG_WARN_OBJC_LITERAL_CONVERSION = YES;
				CLANG_WARN_OBJC_ROOT_CLASS = YES_ERROR;
				CLANG_WARN_QUOTED_INCLUDE_IN_FRAMEWORK_HEADER = YES;
				CLANG_WARN_RANGE_LOOP_ANALYSIS = YES;
				CLANG_WARN_STRICT_PROTOTYPES = YES;
				CLANG_WARN_SUSPICIOUS_MOVE = YES;
				CLANG_WARN_UNGUARDED_AVAILABILITY = YES_AGGRESSIVE;
				CLANG_WARN_UNREACHABLE_CODE = YES;
				CLANG_WARN__DUPLICATE_METHOD_MATCH = YES;
				COPY_PHASE_STRIP = NO;
				DEBUG_INFORMATION_FORMAT = "dwarf-with-dsym";
				ENABLE_NS_ASSERTIONS = NO;
				ENABLE_STRICT_OBJC_MSGSEND = YES;
				ENABLE_USER_SCRIPT_SANDBOXING = YES;
				GCC_C_LANGUAGE_STANDARD = gnu17;
				GCC_NO_COMMON_BLOCKS = YES;
				GCC_WARN_64_TO_32_BIT_CONVERSION = YES;
				GCC_WARN_ABOUT_RETURN_TYPE = YES_ERROR;
				GCC_WARN_UNDECLARED_SELECTOR = YES;
				GCC_WARN_UNINITIALIZED_AUTOS = YES_AGGRESSIVE;
				GCC_WARN_UNUSED_FUNCTION = YES;
				GCC_WARN_UNUSED_VARIABLE = YES;
				IPHONEOS_DEPLOYMENT_TARGET = 17.0;
				LOCALIZATION_PREFERS_STRING_CATALOGS = YES;
				MTL_ENABLE_DEBUG_INFO = NO;
				MTL_FAST_MATH = YES;
				SDKROOT = iphoneos;
				SWIFT_COMPILATION_MODE = wholemodule;
				VALIDATE_PRODUCT = YES;
			};
			name = Release;
		};
		766B3FFD2C531AC0003C623E /* Debug */ = {
			isa = XCBuildConfiguration;
			buildSettings = {
				ASSETCATALOG_COMPILER_APPICON_NAME = AppIcon;
				ASSETCATALOG_COMPILER_GLOBAL_ACCENT_COLOR_NAME = AccentColor;
				CODE_SIGN_STYLE = Automatic;
				CURRENT_PROJECT_VERSION = 1;
				DEVELOPMENT_TEAM = R4WEEFNVWZ;
				GENERATE_INFOPLIST_FILE = YES;
				INFOPLIST_FILE = PokeAPIFetch/Info.plist;
				INFOPLIST_KEY_UIApplicationSupportsIndirectInputEvents = YES;
				INFOPLIST_KEY_UILaunchStoryboardName = LaunchScreen;
				INFOPLIST_KEY_UIMainStoryboardFile = Main;
				INFOPLIST_KEY_UISupportedInterfaceOrientations_iPad = "UIInterfaceOrientationPortrait UIInterfaceOrientationPortraitUpsideDown UIInterfaceOrientationLandscapeLeft UIInterfaceOrientationLandscapeRight";
				INFOPLIST_KEY_UISupportedInterfaceOrientations_iPhone = "UIInterfaceOrientationPortrait UIInterfaceOrientationLandscapeLeft UIInterfaceOrientationLandscapeRight";
				LD_RUNPATH_SEARCH_PATHS = (
					"$(inherited)",
					"@executable_path/Frameworks",
				);
				MARKETING_VERSION = 1.0;
				PRODUCT_BUNDLE_IDENTIFIER = com.PokeAPIFetch;
				PRODUCT_NAME = "$(TARGET_NAME)";
				SWIFT_EMIT_LOC_STRINGS = YES;
				SWIFT_VERSION = 5.0;
				TARGETED_DEVICE_FAMILY = "1,2";
			};
			name = Debug;
		};
		766B3FFE2C531AC0003C623E /* Release */ = {
			isa = XCBuildConfiguration;
			buildSettings = {
				ASSETCATALOG_COMPILER_APPICON_NAME = AppIcon;
				ASSETCATALOG_COMPILER_GLOBAL_ACCENT_COLOR_NAME = AccentColor;
				CODE_SIGN_STYLE = Automatic;
				CURRENT_PROJECT_VERSION = 1;
				DEVELOPMENT_TEAM = R4WEEFNVWZ;
				GENERATE_INFOPLIST_FILE = YES;
				INFOPLIST_FILE = PokeAPIFetch/Info.plist;
				INFOPLIST_KEY_UIApplicationSupportsIndirectInputEvents = YES;
				INFOPLIST_KEY_UILaunchStoryboardName = LaunchScreen;
				INFOPLIST_KEY_UIMainStoryboardFile = Main;
				INFOPLIST_KEY_UISupportedInterfaceOrientations_iPad = "UIInterfaceOrientationPortrait UIInterfaceOrientationPortraitUpsideDown UIInterfaceOrientationLandscapeLeft UIInterfaceOrientationLandscapeRight";
				INFOPLIST_KEY_UISupportedInterfaceOrientations_iPhone = "UIInterfaceOrientationPortrait UIInterfaceOrientationLandscapeLeft UIInterfaceOrientationLandscapeRight";
				LD_RUNPATH_SEARCH_PATHS = (
					"$(inherited)",
					"@executable_path/Frameworks",
				);
				MARKETING_VERSION = 1.0;
				PRODUCT_BUNDLE_IDENTIFIER = com.PokeAPIFetch;
				PRODUCT_NAME = "$(TARGET_NAME)";
				SWIFT_EMIT_LOC_STRINGS = YES;
				SWIFT_VERSION = 5.0;
				TARGETED_DEVICE_FAMILY = "1,2";
			};
			name = Release;
		};
		766B40002C531AC0003C623E /* Debug */ = {
			isa = XCBuildConfiguration;
			buildSettings = {
				ALWAYS_EMBED_SWIFT_STANDARD_LIBRARIES = YES;
				BUNDLE_LOADER = "$(TEST_HOST)";
				CODE_SIGN_STYLE = Automatic;
				CURRENT_PROJECT_VERSION = 1;
				DEVELOPMENT_TEAM = R4WEEFNVWZ;
				GENERATE_INFOPLIST_FILE = YES;
				IPHONEOS_DEPLOYMENT_TARGET = 17.0;
				MARKETING_VERSION = 1.0;
				PRODUCT_BUNDLE_IDENTIFIER = com.PokeAPIFetchTests;
				PRODUCT_NAME = "$(TARGET_NAME)";
				SWIFT_EMIT_LOC_STRINGS = NO;
				SWIFT_VERSION = 5.0;
				TARGETED_DEVICE_FAMILY = "1,2";
				TEST_HOST = "$(BUILT_PRODUCTS_DIR)/PokeAPIFetch.app/$(BUNDLE_EXECUTABLE_FOLDER_PATH)/PokeAPIFetch";
			};
			name = Debug;
		};
		766B40012C531AC0003C623E /* Release */ = {
			isa = XCBuildConfiguration;
			buildSettings = {
				ALWAYS_EMBED_SWIFT_STANDARD_LIBRARIES = YES;
				BUNDLE_LOADER = "$(TEST_HOST)";
				CODE_SIGN_STYLE = Automatic;
				CURRENT_PROJECT_VERSION = 1;
				DEVELOPMENT_TEAM = R4WEEFNVWZ;
				GENERATE_INFOPLIST_FILE = YES;
				IPHONEOS_DEPLOYMENT_TARGET = 17.0;
				MARKETING_VERSION = 1.0;
				PRODUCT_BUNDLE_IDENTIFIER = com.PokeAPIFetchTests;
				PRODUCT_NAME = "$(TARGET_NAME)";
				SWIFT_EMIT_LOC_STRINGS = NO;
				SWIFT_VERSION = 5.0;
				TARGETED_DEVICE_FAMILY = "1,2";
				TEST_HOST = "$(BUILT_PRODUCTS_DIR)/PokeAPIFetch.app/$(BUNDLE_EXECUTABLE_FOLDER_PATH)/PokeAPIFetch";
			};
			name = Release;
		};
		766B40032C531AC0003C623E /* Debug */ = {
			isa = XCBuildConfiguration;
			buildSettings = {
				ALWAYS_EMBED_SWIFT_STANDARD_LIBRARIES = YES;
				CODE_SIGN_STYLE = Automatic;
				CURRENT_PROJECT_VERSION = 1;
				DEVELOPMENT_TEAM = R4WEEFNVWZ;
				GENERATE_INFOPLIST_FILE = YES;
				MARKETING_VERSION = 1.0;
				PRODUCT_BUNDLE_IDENTIFIER = com.PokeAPIFetchUITests;
				PRODUCT_NAME = "$(TARGET_NAME)";
				SWIFT_EMIT_LOC_STRINGS = NO;
				SWIFT_VERSION = 5.0;
				TARGETED_DEVICE_FAMILY = "1,2";
				TEST_TARGET_NAME = PokeAPIFetch;
			};
			name = Debug;
		};
		766B40042C531AC0003C623E /* Release */ = {
			isa = XCBuildConfiguration;
			buildSettings = {
				ALWAYS_EMBED_SWIFT_STANDARD_LIBRARIES = YES;
				CODE_SIGN_STYLE = Automatic;
				CURRENT_PROJECT_VERSION = 1;
				DEVELOPMENT_TEAM = R4WEEFNVWZ;
				GENERATE_INFOPLIST_FILE = YES;
				MARKETING_VERSION = 1.0;
				PRODUCT_BUNDLE_IDENTIFIER = com.PokeAPIFetchUITests;
				PRODUCT_NAME = "$(TARGET_NAME)";
				SWIFT_EMIT_LOC_STRINGS = NO;
				SWIFT_VERSION = 5.0;
				TARGETED_DEVICE_FAMILY = "1,2";
				TEST_TARGET_NAME = PokeAPIFetch;
			};
			name = Release;
		};
/* End XCBuildConfiguration section */

/* Begin XCConfigurationList section */
		766B3FCD2C531ABE003C623E /* Build configuration list for PBXProject "PokeAPIFetch" */ = {
			isa = XCConfigurationList;
			buildConfigurations = (
				766B3FFA2C531AC0003C623E /* Debug */,
				766B3FFB2C531AC0003C623E /* Release */,
			);
			defaultConfigurationIsVisible = 0;
			defaultConfigurationName = Release;
		};
		766B3FFC2C531AC0003C623E /* Build configuration list for PBXNativeTarget "PokeAPIFetch" */ = {
			isa = XCConfigurationList;
			buildConfigurations = (
				766B3FFD2C531AC0003C623E /* Debug */,
				766B3FFE2C531AC0003C623E /* Release */,
			);
			defaultConfigurationIsVisible = 0;
			defaultConfigurationName = Release;
		};
		766B3FFF2C531AC0003C623E /* Build configuration list for PBXNativeTarget "PokeAPIFetchTests" */ = {
			isa = XCConfigurationList;
			buildConfigurations = (
				766B40002C531AC0003C623E /* Debug */,
				766B40012C531AC0003C623E /* Release */,
			);
			defaultConfigurationIsVisible = 0;
			defaultConfigurationName = Release;
		};
		766B40022C531AC0003C623E /* Build configuration list for PBXNativeTarget "PokeAPIFetchUITests" */ = {
			isa = XCConfigurationList;
			buildConfigurations = (
				766B40032C531AC0003C623E /* Debug */,
				766B40042C531AC0003C623E /* Release */,
			);
			defaultConfigurationIsVisible = 0;
			defaultConfigurationName = Release;
		};
/* End XCConfigurationList section */
	};
	rootObject = 766B3FCA2C531ABE003C623E /* Project object */;
}
